
Microsoft Visual Studio Solution File, Format Version 12.00
Project("{FAE04EC0-301F-11D3-BF4B-00C04F79EFBC}") = "OpenSSHA-GUI", "OpenSSHA-GUI\OpenSSHA-GUI.csproj", "{833C761B-4BDF-402A-9B27-8995E2AD1DE3}"
EndProject
Project("{FAE04EC0-301F-11D3-BF4B-00C04F79EFBC}") = "OpenSSHALib", "OpenSSHALib\OpenSSHALib.csproj", "{08608099-A6CD-405A-A3F0-70934D94D519}"
EndProject
Global
	GlobalSection(SolutionConfigurationPlatforms) = preSolution
		Debug|Any CPU = Debug|Any CPU
		Release|Any CPU = Release|Any CPU
	EndGlobalSection
	GlobalSection(ProjectConfigurationPlatforms) = postSolution
		{833C761B-4BDF-402A-9B27-8995E2AD1DE3}.Debug|Any CPU.ActiveCfg = Debug|Any CPU
		{833C761B-4BDF-402A-9B27-8995E2AD1DE3}.Debug|Any CPU.Build.0 = Debug|Any CPU
		{833C761B-4BDF-402A-9B27-8995E2AD1DE3}.Release|Any CPU.ActiveCfg = Release|Any CPU
		{833C761B-4BDF-402A-9B27-8995E2AD1DE3}.Release|Any CPU.Build.0 = Release|Any CPU
		{08608099-A6CD-405A-A3F0-70934D94D519}.Debug|Any CPU.ActiveCfg = Debug|Any CPU
		{08608099-A6CD-405A-A3F0-70934D94D519}.Debug|Any CPU.Build.0 = Debug|Any CPU
		{08608099-A6CD-405A-A3F0-70934D94D519}.Release|Any CPU.ActiveCfg = Release|Any CPU
		{08608099-A6CD-405A-A3F0-70934D94D519}.Release|Any CPU.Build.0 = Release|Any CPU
	EndGlobalSection
EndGlobal
